
Microsoft Visual Studio Solution File, Format Version 12.00
# Visual Studio 15
VisualStudioVersion = 15.0.26730.15
MinimumVisualStudioVersion = 10.0.40219.1
Project("{FAE04EC0-301F-11D3-BF4B-00C04F79EFBC}") = "Proje_Hastane", "Proje_Hastane\Proje_Hastane.csproj", "{75C8E763-F61E-4D57-986B-2696DF8B4EC2}"
EndProject
Global
	GlobalSection(SolutionConfigurationPlatforms) = preSolution
		Debug|Any CPU = Debug|Any CPU
		Release|Any CPU = Release|Any CPU
	EndGlobalSection
	GlobalSection(ProjectConfigurationPlatforms) = postSolution
		{75C8E763-F61E-4D57-986B-2696DF8B4EC2}.Debug|Any CPU.ActiveCfg = Debug|Any CPU
		{75C8E763-F61E-4D57-986B-2696DF8B4EC2}.Debug|Any CPU.Build.0 = Debug|Any CPU
		{75C8E763-F61E-4D57-986B-2696DF8B4EC2}.Release|Any CPU.ActiveCfg = Release|Any CPU
		{75C8E763-F61E-4D57-986B-2696DF8B4EC2}.Release|Any CPU.Build.0 = Release|Any CPU
	EndGlobalSection
	GlobalSection(SolutionProperties) = preSolution
		HideSolutionNode = FALSE
	EndGlobalSection
	GlobalSection(ExtensibilityGlobals) = postSolution
		SolutionGuid = {DC9D0C09-9EDD-4259-84F8-BC700856C4D2}
	EndGlobalSection
EndGlobal
